
Microsoft Visual Studio Solution File, Format Version 12.00
# Visual Studio 2013
VisualStudioVersion = 12.0.21005.1
MinimumVisualStudioVersion = 10.0.40219.1
Project("{FAE04EC0-301F-11D3-BF4B-00C04F79EFBC}") = "DemoCarouselPage", "DemoCarouselPage\DemoCarouselPage\DemoCarouselPage.csproj", "{31146F5E-AD28-4229-B630-7EBDA158FB77}"
EndProject
Project("{FAE04EC0-301F-11D3-BF4B-00C04F79EFBC}") = "DemoCarouselPage.iOS", "DemoCarouselPage\DemoCarouselPage.iOS\DemoCarouselPage.iOS.csproj", "{2E059C6B-A93D-4646-B4DC-26DF549857DE}"
EndProject
Project("{FAE04EC0-301F-11D3-BF4B-00C04F79EFBC}") = "DemoCarouselPage.Droid", "DemoCarouselPage\DemoCarouselPage.Droid\DemoCarouselPage.Droid.csproj", "{620015F1-CB2C-456D-A51E-F14B250DC29F}"
EndProject
Project("{FAE04EC0-301F-11D3-BF4B-00C04F79EFBC}") = "DemoCarouselPage.WinPhone", "DemoCarouselPage\DemoCarouselPage.WinPhone\DemoCarouselPage.WinPhone.csproj", "{0B54A06D-2AF5-498C-B84D-35711CF4984B}"
EndProject
Global
	GlobalSection(SolutionConfigurationPlatforms) = preSolution
		Ad-Hoc|Any CPU = Ad-Hoc|Any CPU
		Ad-Hoc|ARM = Ad-Hoc|ARM
		Ad-Hoc|iPhone = Ad-Hoc|iPhone
		Ad-Hoc|iPhoneSimulator = Ad-Hoc|iPhoneSimulator
		Ad-Hoc|Mixed Platforms = Ad-Hoc|Mixed Platforms
		Ad-Hoc|x86 = Ad-Hoc|x86
		AppStore|Any CPU = AppStore|Any CPU
		AppStore|ARM = AppStore|ARM
		AppStore|iPhone = AppStore|iPhone
		AppStore|iPhoneSimulator = AppStore|iPhoneSimulator
		AppStore|Mixed Platforms = AppStore|Mixed Platforms
		AppStore|x86 = AppStore|x86
		Debug|Any CPU = Debug|Any CPU
		Debug|ARM = Debug|ARM
		Debug|iPhone = Debug|iPhone
		Debug|iPhoneSimulator = Debug|iPhoneSimulator
		Debug|Mixed Platforms = Debug|Mixed Platforms
		Debug|x86 = Debug|x86
		Release|Any CPU = Release|Any CPU
		Release|ARM = Release|ARM
		Release|iPhone = Release|iPhone
		Release|iPhoneSimulator = Release|iPhoneSimulator
		Release|Mixed Platforms = Release|Mixed Platforms
		Release|x86 = Release|x86
	EndGlobalSection
	GlobalSection(ProjectConfigurationPlatforms) = postSolution
		{31146F5E-AD28-4229-B630-7EBDA158FB77}.Ad-Hoc|Any CPU.ActiveCfg = Release|Any CPU
		{31146F5E-AD28-4229-B630-7EBDA158FB77}.Ad-Hoc|Any CPU.Build.0 = Release|Any CPU
		{31146F5E-AD28-4229-B630-7EBDA158FB77}.Ad-Hoc|ARM.ActiveCfg = Release|Any CPU
		{31146F5E-AD28-4229-B630-7EBDA158FB77}.Ad-Hoc|iPhone.ActiveCfg = Release|Any CPU
		{31146F5E-AD28-4229-B630-7EBDA158FB77}.Ad-Hoc|iPhoneSimulator.ActiveCfg = Release|Any CPU
		{31146F5E-AD28-4229-B630-7EBDA158FB77}.Ad-Hoc|Mixed Platforms.ActiveCfg = Release|Any CPU
		{31146F5E-AD28-4229-B630-7EBDA158FB77}.Ad-Hoc|Mixed Platforms.Build.0 = Release|Any CPU
		{31146F5E-AD28-4229-B630-7EBDA158FB77}.Ad-Hoc|x86.ActiveCfg = Release|Any CPU
		{31146F5E-AD28-4229-B630-7EBDA158FB77}.AppStore|Any CPU.ActiveCfg = Release|Any CPU
		{31146F5E-AD28-4229-B630-7EBDA158FB77}.AppStore|Any CPU.Build.0 = Release|Any CPU
		{31146F5E-AD28-4229-B630-7EBDA158FB77}.AppStore|ARM.ActiveCfg = Release|Any CPU
		{31146F5E-AD28-4229-B630-7EBDA158FB77}.AppStore|iPhone.ActiveCfg = Release|Any CPU
		{31146F5E-AD28-4229-B630-7EBDA158FB77}.AppStore|iPhoneSimulator.ActiveCfg = Release|Any CPU
		{31146F5E-AD28-4229-B630-7EBDA158FB77}.AppStore|Mixed Platforms.ActiveCfg = Release|Any CPU
		{31146F5E-AD28-4229-B630-7EBDA158FB77}.AppStore|Mixed Platforms.Build.0 = Release|Any CPU
		{31146F5E-AD28-4229-B630-7EBDA158FB77}.AppStore|x86.ActiveCfg = Release|Any CPU
		{31146F5E-AD28-4229-B630-7EBDA158FB77}.Debug|Any CPU.ActiveCfg = Debug|Any CPU
		{31146F5E-AD28-4229-B630-7EBDA158FB77}.Debug|Any CPU.Build.0 = Debug|Any CPU
		{31146F5E-AD28-4229-B630-7EBDA158FB77}.Debug|ARM.ActiveCfg = Debug|Any CPU
		{31146F5E-AD28-4229-B630-7EBDA158FB77}.Debug|iPhone.ActiveCfg = Debug|Any CPU
		{31146F5E-AD28-4229-B630-7EBDA158FB77}.Debug|iPhoneSimulator.ActiveCfg = Debug|Any CPU
		{31146F5E-AD28-4229-B630-7EBDA158FB77}.Debug|Mixed Platforms.ActiveCfg = Debug|Any CPU
		{31146F5E-AD28-4229-B630-7EBDA158FB77}.Debug|Mixed Platforms.Build.0 = Debug|Any CPU
		{31146F5E-AD28-4229-B630-7EBDA158FB77}.Debug|x86.ActiveCfg = Debug|Any CPU
		{31146F5E-AD28-4229-B630-7EBDA158FB77}.Release|Any CPU.ActiveCfg = Release|Any CPU
		{31146F5E-AD28-4229-B630-7EBDA158FB77}.Release|Any CPU.Build.0 = Release|Any CPU
		{31146F5E-AD28-4229-B630-7EBDA158FB77}.Release|ARM.ActiveCfg = Release|Any CPU
		{31146F5E-AD28-4229-B630-7EBDA158FB77}.Release|iPhone.ActiveCfg = Release|Any CPU
		{31146F5E-AD28-4229-B630-7EBDA158FB77}.Release|iPhoneSimulator.ActiveCfg = Release|Any CPU
		{31146F5E-AD28-4229-B630-7EBDA158FB77}.Release|Mixed Platforms.ActiveCfg = Release|Any CPU
		{31146F5E-AD28-4229-B630-7EBDA158FB77}.Release|Mixed Platforms.Build.0 = Release|Any CPU
		{31146F5E-AD28-4229-B630-7EBDA158FB77}.Release|x86.ActiveCfg = Release|Any CPU
		{2E059C6B-A93D-4646-B4DC-26DF549857DE}.Ad-Hoc|Any CPU.ActiveCfg = Ad-Hoc|iPhone
		{2E059C6B-A93D-4646-B4DC-26DF549857DE}.Ad-Hoc|ARM.ActiveCfg = Ad-Hoc|iPhone
		{2E059C6B-A93D-4646-B4DC-26DF549857DE}.Ad-Hoc|iPhone.ActiveCfg = Ad-Hoc|iPhone
		{2E059C6B-A93D-4646-B4DC-26DF549857DE}.Ad-Hoc|iPhone.Build.0 = Ad-Hoc|iPhone
		{2E059C6B-A93D-4646-B4DC-26DF549857DE}.Ad-Hoc|iPhoneSimulator.ActiveCfg = Ad-Hoc|iPhoneSimulator
		{2E059C6B-A93D-4646-B4DC-26DF549857DE}.Ad-Hoc|iPhoneSimulator.Build.0 = Ad-Hoc|iPhoneSimulator
		{2E059C6B-A93D-4646-B4DC-26DF549857DE}.Ad-Hoc|Mixed Platforms.ActiveCfg = Ad-Hoc|iPhone
		{2E059C6B-A93D-4646-B4DC-26DF549857DE}.Ad-Hoc|Mixed Platforms.Build.0 = Ad-Hoc|iPhone
		{2E059C6B-A93D-4646-B4DC-26DF549857DE}.Ad-Hoc|x86.ActiveCfg = Ad-Hoc|iPhone
		{2E059C6B-A93D-4646-B4DC-26DF549857DE}.AppStore|Any CPU.ActiveCfg = AppStore|iPhone
		{2E059C6B-A93D-4646-B4DC-26DF549857DE}.AppStore|ARM.ActiveCfg = AppStore|iPhone
		{2E059C6B-A93D-4646-B4DC-26DF549857DE}.AppStore|iPhone.ActiveCfg = AppStore|iPhone
		{2E059C6B-A93D-4646-B4DC-26DF549857DE}.AppStore|iPhone.Build.0 = AppStore|iPhone
		{2E059C6B-A93D-4646-B4DC-26DF549857DE}.AppStore|iPhoneSimulator.ActiveCfg = AppStore|iPhoneSimulator
		{2E059C6B-A93D-4646-B4DC-26DF549857DE}.AppStore|iPhoneSimulator.Build.0 = AppStore|iPhoneSimulator
		{2E059C6B-A93D-4646-B4DC-26DF549857DE}.AppStore|Mixed Platforms.ActiveCfg = AppStore|iPhone
		{2E059C6B-A93D-4646-B4DC-26DF549857DE}.AppStore|Mixed Platforms.Build.0 = AppStore|iPhone
		{2E059C6B-A93D-4646-B4DC-26DF549857DE}.AppStore|x86.ActiveCfg = AppStore|iPhone
		{2E059C6B-A93D-4646-B4DC-26DF549857DE}.Debug|Any CPU.ActiveCfg = Debug|iPhone
		{2E059C6B-A93D-4646-B4DC-26DF549857DE}.Debug|ARM.ActiveCfg = Debug|iPhone
		{2E059C6B-A93D-4646-B4DC-26DF549857DE}.Debug|iPhone.ActiveCfg = Debug|iPhone
		{2E059C6B-A93D-4646-B4DC-26DF549857DE}.Debug|iPhone.Build.0 = Debug|iPhone
		{2E059C6B-A93D-4646-B4DC-26DF549857DE}.Debug|iPhoneSimulator.ActiveCfg = Debug|iPhoneSimulator
		{2E059C6B-A93D-4646-B4DC-26DF549857DE}.Debug|iPhoneSimulator.Build.0 = Debug|iPhoneSimulator
		{2E059C6B-A93D-4646-B4DC-26DF549857DE}.Debug|Mixed Platforms.ActiveCfg = Debug|iPhone
		{2E059C6B-A93D-4646-B4DC-26DF549857DE}.Debug|Mixed Platforms.Build.0 = Debug|iPhone
		{2E059C6B-A93D-4646-B4DC-26DF549857DE}.Debug|x86.ActiveCfg = Debug|iPhone
		{2E059C6B-A93D-4646-B4DC-26DF549857DE}.Release|Any CPU.ActiveCfg = Release|iPhone
		{2E059C6B-A93D-4646-B4DC-26DF549857DE}.Release|ARM.ActiveCfg = Release|iPhone
		{2E059C6B-A93D-4646-B4DC-26DF549857DE}.Release|iPhone.ActiveCfg = Release|iPhone
		{2E059C6B-A93D-4646-B4DC-26DF549857DE}.Release|iPhone.Build.0 = Release|iPhone
		{2E059C6B-A93D-4646-B4DC-26DF549857DE}.Release|iPhoneSimulator.ActiveCfg = Release|iPhoneSimulator
		{2E059C6B-A93D-4646-B4DC-26DF549857DE}.Release|iPhoneSimulator.Build.0 = Release|iPhoneSimulator
		{2E059C6B-A93D-4646-B4DC-26DF549857DE}.Release|Mixed Platforms.ActiveCfg = Release|iPhone
		{2E059C6B-A93D-4646-B4DC-26DF549857DE}.Release|Mixed Platforms.Build.0 = Release|iPhone
		{2E059C6B-A93D-4646-B4DC-26DF549857DE}.Release|x86.ActiveCfg = Release|iPhone
		{620015F1-CB2C-456D-A51E-F14B250DC29F}.Ad-Hoc|Any CPU.ActiveCfg = Release|Any CPU
		{620015F1-CB2C-456D-A51E-F14B250DC29F}.Ad-Hoc|Any CPU.Build.0 = Release|Any CPU
		{620015F1-CB2C-456D-A51E-F14B250DC29F}.Ad-Hoc|Any CPU.Deploy.0 = Release|Any CPU
		{620015F1-CB2C-456D-A51E-F14B250DC29F}.Ad-Hoc|ARM.ActiveCfg = Release|Any CPU
		{620015F1-CB2C-456D-A51E-F14B250DC29F}.Ad-Hoc|iPhone.ActiveCfg = Release|Any CPU
		{620015F1-CB2C-456D-A51E-F14B250DC29F}.Ad-Hoc|iPhoneSimulator.ActiveCfg = Release|Any CPU
		{620015F1-CB2C-456D-A51E-F14B250DC29F}.Ad-Hoc|Mixed Platforms.ActiveCfg = Release|Any CPU
		{620015F1-CB2C-456D-A51E-F14B250DC29F}.Ad-Hoc|Mixed Platforms.Build.0 = Release|Any CPU
		{620015F1-CB2C-456D-A51E-F14B250DC29F}.Ad-Hoc|Mixed Platforms.Deploy.0 = Release|Any CPU
		{620015F1-CB2C-456D-A51E-F14B250DC29F}.Ad-Hoc|x86.ActiveCfg = Release|Any CPU
		{620015F1-CB2C-456D-A51E-F14B250DC29F}.AppStore|Any CPU.ActiveCfg = Release|Any CPU
		{620015F1-CB2C-456D-A51E-F14B250DC29F}.AppStore|Any CPU.Build.0 = Release|Any CPU
		{620015F1-CB2C-456D-A51E-F14B250DC29F}.AppStore|Any CPU.Deploy.0 = Release|Any CPU
		{620015F1-CB2C-456D-A51E-F14B250DC29F}.AppStore|ARM.ActiveCfg = Release|Any CPU
		{620015F1-CB2C-456D-A51E-F14B250DC29F}.AppStore|iPhone.ActiveCfg = Release|Any CPU
		{620015F1-CB2C-456D-A51E-F14B250DC29F}.AppStore|iPhoneSimulator.ActiveCfg = Release|Any CPU
		{620015F1-CB2C-456D-A51E-F14B250DC29F}.AppStore|Mixed Platforms.ActiveCfg = Release|Any CPU
		{620015F1-CB2C-456D-A51E-F14B250DC29F}.AppStore|Mixed Platforms.Build.0 = Release|Any CPU
		{620015F1-CB2C-456D-A51E-F14B250DC29F}.AppStore|Mixed Platforms.Deploy.0 = Release|Any CPU
		{620015F1-CB2C-456D-A51E-F14B250DC29F}.AppStore|x86.ActiveCfg = Release|Any CPU
		{620015F1-CB2C-456D-A51E-F14B250DC29F}.Debug|Any CPU.ActiveCfg = Debug|Any CPU
		{620015F1-CB2C-456D-A51E-F14B250DC29F}.Debug|Any CPU.Build.0 = Debug|Any CPU
		{620015F1-CB2C-456D-A51E-F14B250DC29F}.Debug|Any CPU.Deploy.0 = Debug|Any CPU
		{620015F1-CB2C-456D-A51E-F14B250DC29F}.Debug|ARM.ActiveCfg = Debug|Any CPU
		{620015F1-CB2C-456D-A51E-F14B250DC29F}.Debug|iPhone.ActiveCfg = Debug|Any CPU
		{620015F1-CB2C-456D-A51E-F14B250DC29F}.Debug|iPhoneSimulator.ActiveCfg = Debug|Any CPU
		{620015F1-CB2C-456D-A51E-F14B250DC29F}.Debug|Mixed Platforms.ActiveCfg = Debug|Any CPU
		{620015F1-CB2C-456D-A51E-F14B250DC29F}.Debug|Mixed Platforms.Build.0 = Debug|Any CPU
		{620015F1-CB2C-456D-A51E-F14B250DC29F}.Debug|Mixed Platforms.Deploy.0 = Debug|Any CPU
		{620015F1-CB2C-456D-A51E-F14B250DC29F}.Debug|x86.ActiveCfg = Debug|Any CPU
		{620015F1-CB2C-456D-A51E-F14B250DC29F}.Release|Any CPU.ActiveCfg = Release|Any CPU
		{620015F1-CB2C-456D-A51E-F14B250DC29F}.Release|Any CPU.Build.0 = Release|Any CPU
		{620015F1-CB2C-456D-A51E-F14B250DC29F}.Release|Any CPU.Deploy.0 = Release|Any CPU
		{620015F1-CB2C-456D-A51E-F14B250DC29F}.Release|ARM.ActiveCfg = Release|Any CPU
		{620015F1-CB2C-456D-A51E-F14B250DC29F}.Release|iPhone.ActiveCfg = Release|Any CPU
		{620015F1-CB2C-456D-A51E-F14B250DC29F}.Release|iPhoneSimulator.ActiveCfg = Release|Any CPU
		{620015F1-CB2C-456D-A51E-F14B250DC29F}.Release|Mixed Platforms.ActiveCfg = Release|Any CPU
		{620015F1-CB2C-456D-A51E-F14B250DC29F}.Release|Mixed Platforms.Build.0 = Release|Any CPU
		{620015F1-CB2C-456D-A51E-F14B250DC29F}.Release|Mixed Platforms.Deploy.0 = Release|Any CPU
		{620015F1-CB2C-456D-A51E-F14B250DC29F}.Release|x86.ActiveCfg = Release|Any CPU
		{0B54A06D-2AF5-498C-B84D-35711CF4984B}.Ad-Hoc|Any CPU.ActiveCfg = Release|Any CPU
		{0B54A06D-2AF5-498C-B84D-35711CF4984B}.Ad-Hoc|Any CPU.Build.0 = Release|Any CPU
		{0B54A06D-2AF5-498C-B84D-35711CF4984B}.Ad-Hoc|Any CPU.Deploy.0 = Release|Any CPU
		{0B54A06D-2AF5-498C-B84D-35711CF4984B}.Ad-Hoc|ARM.ActiveCfg = Release|ARM
		{0B54A06D-2AF5-498C-B84D-35711CF4984B}.Ad-Hoc|ARM.Build.0 = Release|ARM
		{0B54A06D-2AF5-498C-B84D-35711CF4984B}.Ad-Hoc|ARM.Deploy.0 = Release|ARM
		{0B54A06D-2AF5-498C-B84D-35711CF4984B}.Ad-Hoc|iPhone.ActiveCfg = Release|Any CPU
		{0B54A06D-2AF5-498C-B84D-35711CF4984B}.Ad-Hoc|iPhoneSimulator.ActiveCfg = Release|Any CPU
		{0B54A06D-2AF5-498C-B84D-35711CF4984B}.Ad-Hoc|Mixed Platforms.ActiveCfg = Release|x86
		{0B54A06D-2AF5-498C-B84D-35711CF4984B}.Ad-Hoc|Mixed Platforms.Build.0 = Release|x86
		{0B54A06D-2AF5-498C-B84D-35711CF4984B}.Ad-Hoc|Mixed Platforms.Deploy.0 = Release|x86
		{0B54A06D-2AF5-498C-B84D-35711CF4984B}.Ad-Hoc|x86.ActiveCfg = Release|x86
		{0B54A06D-2AF5-498C-B84D-35711CF4984B}.Ad-Hoc|x86.Build.0 = Release|x86
		{0B54A06D-2AF5-498C-B84D-35711CF4984B}.Ad-Hoc|x86.Deploy.0 = Release|x86
		{0B54A06D-2AF5-498C-B84D-35711CF4984B}.AppStore|Any CPU.ActiveCfg = Release|Any CPU
		{0B54A06D-2AF5-498C-B84D-35711CF4984B}.AppStore|Any CPU.Build.0 = Release|Any CPU
		{0B54A06D-2AF5-498C-B84D-35711CF4984B}.AppStore|Any CPU.Deploy.0 = Release|Any CPU
		{0B54A06D-2AF5-498C-B84D-35711CF4984B}.AppStore|ARM.ActiveCfg = Release|ARM
		{0B54A06D-2AF5-498C-B84D-35711CF4984B}.AppStore|ARM.Build.0 = Release|ARM
		{0B54A06D-2AF5-498C-B84D-35711CF4984B}.AppStore|ARM.Deploy.0 = Release|ARM
		{0B54A06D-2AF5-498C-B84D-35711CF4984B}.AppStore|iPhone.ActiveCfg = Release|Any CPU
		{0B54A06D-2AF5-498C-B84D-35711CF4984B}.AppStore|iPhoneSimulator.ActiveCfg = Release|Any CPU
		{0B54A06D-2AF5-498C-B84D-35711CF4984B}.AppStore|Mixed Platforms.ActiveCfg = Release|x86
		{0B54A06D-2AF5-498C-B84D-35711CF4984B}.AppStore|Mixed Platforms.Build.0 = Release|x86
		{0B54A06D-2AF5-498C-B84D-35711CF4984B}.AppStore|Mixed Platforms.Deploy.0 = Release|x86
		{0B54A06D-2AF5-498C-B84D-35711CF4984B}.AppStore|x86.ActiveCfg = Release|x86
		{0B54A06D-2AF5-498C-B84D-35711CF4984B}.AppStore|x86.Build.0 = Release|x86
		{0B54A06D-2AF5-498C-B84D-35711CF4984B}.AppStore|x86.Deploy.0 = Release|x86
		{0B54A06D-2AF5-498C-B84D-35711CF4984B}.Debug|Any CPU.ActiveCfg = Debug|Any CPU
		{0B54A06D-2AF5-498C-B84D-35711CF4984B}.Debug|Any CPU.Build.0 = Debug|Any CPU
		{0B54A06D-2AF5-498C-B84D-35711CF4984B}.Debug|Any CPU.Deploy.0 = Debug|Any CPU
		{0B54A06D-2AF5-498C-B84D-35711CF4984B}.Debug|ARM.ActiveCfg = Debug|ARM
		{0B54A06D-2AF5-498C-B84D-35711CF4984B}.Debug|ARM.Build.0 = Debug|ARM
		{0B54A06D-2AF5-498C-B84D-35711CF4984B}.Debug|ARM.Deploy.0 = Debug|ARM
		{0B54A06D-2AF5-498C-B84D-35711CF4984B}.Debug|iPhone.ActiveCfg = Debug|Any CPU
		{0B54A06D-2AF5-498C-B84D-35711CF4984B}.Debug|iPhoneSimulator.ActiveCfg = Debug|Any CPU
		{0B54A06D-2AF5-498C-B84D-35711CF4984B}.Debug|Mixed Platforms.ActiveCfg = Debug|x86
		{0B54A06D-2AF5-498C-B84D-35711CF4984B}.Debug|Mixed Platforms.Build.0 = Debug|x86
		{0B54A06D-2AF5-498C-B84D-35711CF4984B}.Debug|Mixed Platforms.Deploy.0 = Debug|x86
		{0B54A06D-2AF5-498C-B84D-35711CF4984B}.Debug|x86.ActiveCfg = Debug|x86
		{0B54A06D-2AF5-498C-B84D-35711CF4984B}.Debug|x86.Build.0 = Debug|x86
		{0B54A06D-2AF5-498C-B84D-35711CF4984B}.Debug|x86.Deploy.0 = Debug|x86
		{0B54A06D-2AF5-498C-B84D-35711CF4984B}.Release|Any CPU.ActiveCfg = Release|Any CPU
		{0B54A06D-2AF5-498C-B84D-35711CF4984B}.Release|Any CPU.Build.0 = Release|Any CPU
		{0B54A06D-2AF5-498C-B84D-35711CF4984B}.Release|Any CPU.Deploy.0 = Release|Any CPU
		{0B54A06D-2AF5-498C-B84D-35711CF4984B}.Release|ARM.ActiveCfg = Release|ARM
		{0B54A06D-2AF5-498C-B84D-35711CF4984B}.Release|ARM.Build.0 = Release|ARM
		{0B54A06D-2AF5-498C-B84D-35711CF4984B}.Release|ARM.Deploy.0 = Release|ARM
		{0B54A06D-2AF5-498C-B84D-35711CF4984B}.Release|iPhone.ActiveCfg = Release|Any CPU
		{0B54A06D-2AF5-498C-B84D-35711CF4984B}.Release|iPhoneSimulator.ActiveCfg = Release|Any CPU
		{0B54A06D-2AF5-498C-B84D-35711CF4984B}.Release|Mixed Platforms.ActiveCfg = Release|x86
		{0B54A06D-2AF5-498C-B84D-35711CF4984B}.Release|Mixed Platforms.Build.0 = Release|x86
		{0B54A06D-2AF5-498C-B84D-35711CF4984B}.Release|Mixed Platforms.Deploy.0 = Release|x86
		{0B54A06D-2AF5-498C-B84D-35711CF4984B}.Release|x86.ActiveCfg = Release|x86
		{0B54A06D-2AF5-498C-B84D-35711CF4984B}.Release|x86.Build.0 = Release|x86
		{0B54A06D-2AF5-498C-B84D-35711CF4984B}.Release|x86.Deploy.0 = Release|x86
	EndGlobalSection
	GlobalSection(SolutionProperties) = preSolution
		HideSolutionNode = FALSE
	EndGlobalSection
EndGlobal
